// !$*UTF8*$!
{
	archiveVersion = 1;
	classes = {
	};
	objectVersion = 46;
	objects = {

/* Begin PBXBuildFile section */
		11368EE11EB8943800E0F82F /* InfoCallTableViewCell.swift in Sources */ = {isa = PBXBuildFile; fileRef = 11368EE01EB8943800E0F82F /* InfoCallTableViewCell.swift */; };
		11368EE51EC1CCD600E0F82F /* InfoCallViewController.swift in Sources */ = {isa = PBXBuildFile; fileRef = 11368EE41EC1CCD600E0F82F /* InfoCallViewController.swift */; };
		11368EE91EC2150C00E0F82F /* APIController.swift in Sources */ = {isa = PBXBuildFile; fileRef = 11368EE81EC2150C00E0F82F /* APIController.swift */; };
		11368EEB1EC21CA300E0F82F /* APIDelegate.swift in Sources */ = {isa = PBXBuildFile; fileRef = 11368EEA1EC21CA300E0F82F /* APIDelegate.swift */; };
		11368EED1EC9FC7100E0F82F /* LoginViewController.swift in Sources */ = {isa = PBXBuildFile; fileRef = 11368EEC1EC9FC7100E0F82F /* LoginViewController.swift */; };
		1160E5E41F13D9CA0096A4ED /* Mevo.swift in Sources */ = {isa = PBXBuildFile; fileRef = 1160E5E31F13D9CA0096A4ED /* Mevo.swift */; };
		1192ADA41ED332E10008C554 /* MevoController.swift in Sources */ = {isa = PBXBuildFile; fileRef = 1192ADA31ED332E10008C554 /* MevoController.swift */; };
		1192ADAB1ED43AC00008C554 /* bdd.xcdatamodeld in Sources */ = {isa = PBXBuildFile; fileRef = 1192ADA91ED43AC00008C554 /* bdd.xcdatamodeld */; };
		1192D2471EE59B0400D35D33 /* SettingViewController.swift in Sources */ = {isa = PBXBuildFile; fileRef = 1192D2461EE59B0400D35D33 /* SettingViewController.swift */; };
		11F6C1291EA775CA001376BC /* AppDelegate.swift in Sources */ = {isa = PBXBuildFile; fileRef = 11F6C1281EA775CA001376BC /* AppDelegate.swift */; };
		11F6C12E1EA775CA001376BC /* Main.storyboard in Resources */ = {isa = PBXBuildFile; fileRef = 11F6C12C1EA775CA001376BC /* Main.storyboard */; };
		11F6C1301EA775CA001376BC /* Assets.xcassets in Resources */ = {isa = PBXBuildFile; fileRef = 11F6C12F1EA775CA001376BC /* Assets.xcassets */; };
		11F6C1331EA775CA001376BC /* LaunchScreen.storyboard in Resources */ = {isa = PBXBuildFile; fileRef = 11F6C1311EA775CA001376BC /* LaunchScreen.storyboard */; };
		11F6C15F1EAE0729001376BC /* CallHistoryController.swift in Sources */ = {isa = PBXBuildFile; fileRef = 11F6C15E1EAE0729001376BC /* CallHistoryController.swift */; };
		11F6C1671EAF4BFA001376BC /* CallHistoryTableViewCell.swift in Sources */ = {isa = PBXBuildFile; fileRef = 11F6C1661EAF4BFA001376BC /* CallHistoryTableViewCell.swift */; };
		11F6C16A1EAF857A001376BC /* CallHistory.swift in Sources */ = {isa = PBXBuildFile; fileRef = 11F6C1691EAF857A001376BC /* CallHistory.swift */; };
/* End PBXBuildFile section */

/* Begin PBXFileReference section */
		11368EE01EB8943800E0F82F /* InfoCallTableViewCell.swift */ = {isa = PBXFileReference; fileEncoding = 4; lastKnownFileType = sourcecode.swift; path = InfoCallTableViewCell.swift; sourceTree = "<group>"; };
		11368EE41EC1CCD600E0F82F /* InfoCallViewController.swift */ = {isa = PBXFileReference; fileEncoding = 4; lastKnownFileType = sourcecode.swift; path = InfoCallViewController.swift; sourceTree = "<group>"; };
		11368EE81EC2150C00E0F82F /* APIController.swift */ = {isa = PBXFileReference; fileEncoding = 4; lastKnownFileType = sourcecode.swift; path = APIController.swift; sourceTree = "<group>"; };
		11368EEA1EC21CA300E0F82F /* APIDelegate.swift */ = {isa = PBXFileReference; fileEncoding = 4; lastKnownFileType = sourcecode.swift; path = APIDelegate.swift; sourceTree = "<group>"; };
		11368EEC1EC9FC7100E0F82F /* LoginViewController.swift */ = {isa = PBXFileReference; fileEncoding = 4; lastKnownFileType = sourcecode.swift; path = LoginViewController.swift; sourceTree = "<group>"; };
		1160E5E31F13D9CA0096A4ED /* Mevo.swift */ = {isa = PBXFileReference; fileEncoding = 4; lastKnownFileType = sourcecode.swift; path = Mevo.swift; sourceTree = "<group>"; };
		1192ADA31ED332E10008C554 /* MevoController.swift */ = {isa = PBXFileReference; fileEncoding = 4; lastKnownFileType = sourcecode.swift; path = MevoController.swift; sourceTree = "<group>"; };
		1192ADAA1ED43AC00008C554 /* bdd.xcdatamodel */ = {isa = PBXFileReference; lastKnownFileType = wrapper.xcdatamodel; path = bdd.xcdatamodel; sourceTree = "<group>"; };
		1192D2461EE59B0400D35D33 /* SettingViewController.swift */ = {isa = PBXFileReference; fileEncoding = 4; lastKnownFileType = sourcecode.swift; path = SettingViewController.swift; sourceTree = "<group>"; };
		11F6C1251EA775CA001376BC /* Kertel.app */ = {isa = PBXFileReference; explicitFileType = wrapper.application; includeInIndex = 0; path = Kertel.app; sourceTree = BUILT_PRODUCTS_DIR; };
		11F6C1281EA775CA001376BC /* AppDelegate.swift */ = {isa = PBXFileReference; lastKnownFileType = sourcecode.swift; path = AppDelegate.swift; sourceTree = "<group>"; };
		11F6C12D1EA775CA001376BC /* Base */ = {isa = PBXFileReference; lastKnownFileType = file.storyboard; name = Base; path = Base.lproj/Main.storyboard; sourceTree = "<group>"; };
		11F6C12F1EA775CA001376BC /* Assets.xcassets */ = {isa = PBXFileReference; lastKnownFileType = folder.assetcatalog; path = Assets.xcassets; sourceTree = "<group>"; };
		11F6C1321EA775CA001376BC /* Base */ = {isa = PBXFileReference; lastKnownFileType = file.storyboard; name = Base; path = Base.lproj/LaunchScreen.storyboard; sourceTree = "<group>"; };
		11F6C1341EA775CA001376BC /* Info.plist */ = {isa = PBXFileReference; lastKnownFileType = text.plist.xml; path = Info.plist; sourceTree = "<group>"; };
		11F6C15E1EAE0729001376BC /* CallHistoryController.swift */ = {isa = PBXFileReference; fileEncoding = 4; lastKnownFileType = sourcecode.swift; path = CallHistoryController.swift; sourceTree = "<group>"; };
		11F6C1661EAF4BFA001376BC /* CallHistoryTableViewCell.swift */ = {isa = PBXFileReference; fileEncoding = 4; lastKnownFileType = sourcecode.swift; path = CallHistoryTableViewCell.swift; sourceTree = "<group>"; };
		11F6C1691EAF857A001376BC /* CallHistory.swift */ = {isa = PBXFileReference; fileEncoding = 4; lastKnownFileType = sourcecode.swift; path = CallHistory.swift; sourceTree = "<group>"; };
/* End PBXFileReference section */

/* Begin PBXFrameworksBuildPhase section */
		11F6C1221EA775CA001376BC /* Frameworks */ = {
			isa = PBXFrameworksBuildPhase;
			buildActionMask = 2147483647;
			files = (
			);
			runOnlyForDeploymentPostprocessing = 0;
		};
/* End PBXFrameworksBuildPhase section */

/* Begin PBXGroup section */
		1133C1681F029D8700A78D71 /* API */ = {
			isa = PBXGroup;
			children = (
				11368EE81EC2150C00E0F82F /* APIController.swift */,
				11368EEA1EC21CA300E0F82F /* APIDelegate.swift */,
			);
			name = API;
			sourceTree = "<group>";
		};
		11F6C11C1EA775C9001376BC = {
			isa = PBXGroup;
			children = (
				1192ADA91ED43AC00008C554 /* bdd.xcdatamodeld */,
				11F6C1271EA775CA001376BC /* Kertel */,
				11F6C1261EA775CA001376BC /* Products */,
			);
			sourceTree = "<group>";
		};
		11F6C1261EA775CA001376BC /* Products */ = {
			isa = PBXGroup;
			children = (
				11F6C1251EA775CA001376BC /* Kertel.app */,
			);
			name = Products;
			sourceTree = "<group>";
		};
		11F6C1271EA775CA001376BC /* Kertel */ = {
			isa = PBXGroup;
			children = (
				11F6C1281EA775CA001376BC /* AppDelegate.swift */,
				11F6C12C1EA775CA001376BC /* Main.storyboard */,
				1133C1681F029D8700A78D71 /* API */,
				11F6C15A1EAE01D5001376BC /* Controllers */,
				11F6C15B1EAE01FF001376BC /* Views */,
				11F6C1681EAF84C1001376BC /* Models */,
				11F6C12F1EA775CA001376BC /* Assets.xcassets */,
				11F6C1311EA775CA001376BC /* LaunchScreen.storyboard */,
				11F6C1341EA775CA001376BC /* Info.plist */,
			);
			path = Kertel;
			sourceTree = "<group>";
		};
		11F6C15A1EAE01D5001376BC /* Controllers */ = {
			isa = PBXGroup;
			children = (
				11F6C15E1EAE0729001376BC /* CallHistoryController.swift */,
				11368EE41EC1CCD600E0F82F /* InfoCallViewController.swift */,
				11368EEC1EC9FC7100E0F82F /* LoginViewController.swift */,
				1192ADA31ED332E10008C554 /* MevoController.swift */,
				1192D2461EE59B0400D35D33 /* SettingViewController.swift */,
			);
			name = Controllers;
			sourceTree = "<group>";
		};
		11F6C15B1EAE01FF001376BC /* Views */ = {
			isa = PBXGroup;
			children = (
				11F6C1661EAF4BFA001376BC /* CallHistoryTableViewCell.swift */,
				11368EE01EB8943800E0F82F /* InfoCallTableViewCell.swift */,
			);
			name = Views;
			sourceTree = "<group>";
		};
		11F6C1681EAF84C1001376BC /* Models */ = {
			isa = PBXGroup;
			children = (
				11F6C1691EAF857A001376BC /* CallHistory.swift */,
				1160E5E31F13D9CA0096A4ED /* Mevo.swift */,
			);
			name = Models;
			sourceTree = "<group>";
		};
/* End PBXGroup section */

/* Begin PBXNativeTarget section */
		11F6C1241EA775CA001376BC /* Kertel */ = {
			isa = PBXNativeTarget;
			buildConfigurationList = 11F6C1371EA775CA001376BC /* Build configuration list for PBXNativeTarget "Kertel" */;
			buildPhases = (
				11F6C1211EA775CA001376BC /* Sources */,
				11F6C1221EA775CA001376BC /* Frameworks */,
				11F6C1231EA775CA001376BC /* Resources */,
			);
			buildRules = (
			);
			dependencies = (
			);
			name = Kertel;
			productName = Kertel;
			productReference = 11F6C1251EA775CA001376BC /* Kertel.app */;
			productType = "com.apple.product-type.application";
		};
/* End PBXNativeTarget section */

/* Begin PBXProject section */
		11F6C11D1EA775C9001376BC /* Project object */ = {
			isa = PBXProject;
			attributes = {
				LastSwiftUpdateCheck = 0830;
				LastUpgradeCheck = 0830;
				ORGANIZATIONNAME = Kertel;
				TargetAttributes = {
					11F6C1241EA775CA001376BC = {
						CreatedOnToolsVersion = 8.3.1;
						DevelopmentTeam = YSXC7M67VD;
						ProvisioningStyle = Automatic;
					};
				};
			};
			buildConfigurationList = 11F6C1201EA775C9001376BC /* Build configuration list for PBXProject "Kertel" */;
			compatibilityVersion = "Xcode 3.2";
			developmentRegion = English;
			hasScannedForEncodings = 0;
			knownRegions = (
				en,
				Base,
			);
			mainGroup = 11F6C11C1EA775C9001376BC;
			productRefGroup = 11F6C1261EA775CA001376BC /* Products */;
			projectDirPath = "";
			projectRoot = "";
			targets = (
				11F6C1241EA775CA001376BC /* Kertel */,
			);
		};
/* End PBXProject section */

/* Begin PBXResourcesBuildPhase section */
		11F6C1231EA775CA001376BC /* Resources */ = {
			isa = PBXResourcesBuildPhase;
			buildActionMask = 2147483647;
			files = (
				11F6C1331EA775CA001376BC /* LaunchScreen.storyboard in Resources */,
				11F6C1301EA775CA001376BC /* Assets.xcassets in Resources */,
				11F6C12E1EA775CA001376BC /* Main.storyboard in Resources */,
			);
			runOnlyForDeploymentPostprocessing = 0;
		};
/* End PBXResourcesBuildPhase section */

/* Begin PBXSourcesBuildPhase section */
		11F6C1211EA775CA001376BC /* Sources */ = {
			isa = PBXSourcesBuildPhase;
			buildActionMask = 2147483647;
			files = (
				11368EE51EC1CCD600E0F82F /* InfoCallViewController.swift in Sources */,
				11368EE11EB8943800E0F82F /* InfoCallTableViewCell.swift in Sources */,
				11F6C15F1EAE0729001376BC /* CallHistoryController.swift in Sources */,
				1160E5E41F13D9CA0096A4ED /* Mevo.swift in Sources */,
				11F6C1671EAF4BFA001376BC /* CallHistoryTableViewCell.swift in Sources */,
				1192D2471EE59B0400D35D33 /* SettingViewController.swift in Sources */,
				1192ADA41ED332E10008C554 /* MevoController.swift in Sources */,
				11368EE91EC2150C00E0F82F /* APIController.swift in Sources */,
				11368EEB1EC21CA300E0F82F /* APIDelegate.swift in Sources */,
				11F6C1291EA775CA001376BC /* AppDelegate.swift in Sources */,
				11368EED1EC9FC7100E0F82F /* LoginViewController.swift in Sources */,
				1192ADAB1ED43AC00008C554 /* bdd.xcdatamodeld in Sources */,
				11F6C16A1EAF857A001376BC /* CallHistory.swift in Sources */,
			);
			runOnlyForDeploymentPostprocessing = 0;
		};
/* End PBXSourcesBuildPhase section */

/* Begin PBXVariantGroup section */
		11F6C12C1EA775CA001376BC /* Main.storyboard */ = {
			isa = PBXVariantGroup;
			children = (
				11F6C12D1EA775CA001376BC /* Base */,
			);
			name = Main.storyboard;
			sourceTree = "<group>";
		};
		11F6C1311EA775CA001376BC /* LaunchScreen.storyboard */ = {
			isa = PBXVariantGroup;
			children = (
				11F6C1321EA775CA001376BC /* Base */,
			);
			name = LaunchScreen.storyboard;
			sourceTree = "<group>";
		};
/* End PBXVariantGroup section */

/* Begin XCBuildConfiguration section */
		11F6C1351EA775CA001376BC /* Debug */ = {
			isa = XCBuildConfiguration;
			buildSettings = {
				ALWAYS_SEARCH_USER_PATHS = NO;
				CLANG_ANALYZER_NONNULL = YES;
				CLANG_ANALYZER_NUMBER_OBJECT_CONVERSION = YES_AGGRESSIVE;
				CLANG_CXX_LANGUAGE_STANDARD = "gnu++0x";
				CLANG_CXX_LIBRARY = "libc++";
				CLANG_ENABLE_MODULES = YES;
				CLANG_ENABLE_OBJC_ARC = YES;
				CLANG_WARN_BOOL_CONVERSION = YES;
				CLANG_WARN_CONSTANT_CONVERSION = YES;
				CLANG_WARN_DIRECT_OBJC_ISA_USAGE = YES_ERROR;
				CLANG_WARN_DOCUMENTATION_COMMENTS = YES;
				CLANG_WARN_EMPTY_BODY = YES;
				CLANG_WARN_ENUM_CONVERSION = YES;
				CLANG_WARN_INFINITE_RECURSION = YES;
				CLANG_WARN_INT_CONVERSION = YES;
				CLANG_WARN_OBJC_ROOT_CLASS = YES_ERROR;
				CLANG_WARN_SUSPICIOUS_MOVE = YES;
				CLANG_WARN_UNREACHABLE_CODE = YES;
				CLANG_WARN__DUPLICATE_METHOD_MATCH = YES;
				"CODE_SIGN_IDENTITY[sdk=iphoneos*]" = "iPhone Developer";
				COPY_PHASE_STRIP = NO;
				DEBUG_INFORMATION_FORMAT = dwarf;
				ENABLE_STRICT_OBJC_MSGSEND = YES;
				ENABLE_TESTABILITY = YES;
				GCC_C_LANGUAGE_STANDARD = gnu99;
				GCC_DYNAMIC_NO_PIC = NO;
				GCC_NO_COMMON_BLOCKS = YES;
				GCC_OPTIMIZATION_LEVEL = 0;
				GCC_PREPROCESSOR_DEFINITIONS = (
					"DEBUG=1",
					"$(inherited)",
				);
				GCC_WARN_64_TO_32_BIT_CONVERSION = YES;
				GCC_WARN_ABOUT_RETURN_TYPE = YES_ERROR;
				GCC_WARN_UNDECLARED_SELECTOR = YES;
				GCC_WARN_UNINITIALIZED_AUTOS = YES_AGGRESSIVE;
				GCC_WARN_UNUSED_FUNCTION = YES;
				GCC_WARN_UNUSED_VARIABLE = YES;
				IPHONEOS_DEPLOYMENT_TARGET = 10.3;
				MTL_ENABLE_DEBUG_INFO = YES;
				ONLY_ACTIVE_ARCH = YES;
				SDKROOT = iphoneos;
				SWIFT_ACTIVE_COMPILATION_CONDITIONS = DEBUG;
				SWIFT_OPTIMIZATION_LEVEL = "-Onone";
				TARGETED_DEVICE_FAMILY = "1,2";
			};
			name = Debug;
		};
		11F6C1361EA775CA001376BC /* Release */ = {
			isa = XCBuildConfiguration;
			buildSettings = {
				ALWAYS_SEARCH_USER_PATHS = NO;
				CLANG_ANALYZER_NONNULL = YES;
				CLANG_ANALYZER_NUMBER_OBJECT_CONVERSION = YES_AGGRESSIVE;
				CLANG_CXX_LANGUAGE_STANDARD = "gnu++0x";
				CLANG_CXX_LIBRARY = "libc++";
				CLANG_ENABLE_MODULES = YES;
				CLANG_ENABLE_OBJC_ARC = YES;
				CLANG_WARN_BOOL_CONVERSION = YES;
				CLANG_WARN_CONSTANT_CONVERSION = YES;
				CLANG_WARN_DIRECT_OBJC_ISA_USAGE = YES_ERROR;
				CLANG_WARN_DOCUMENTATION_COMMENTS = YES;
				CLANG_WARN_EMPTY_BODY = YES;
				CLANG_WARN_ENUM_CONVERSION = YES;
				CLANG_WARN_INFINITE_RECURSION = YES;
				CLANG_WARN_INT_CONVERSION = YES;
				CLANG_WARN_OBJC_ROOT_CLASS = YES_ERROR;
				CLANG_WARN_SUSPICIOUS_MOVE = YES;
				CLANG_WARN_UNREACHABLE_CODE = YES;
				CLANG_WARN__DUPLICATE_METHOD_MATCH = YES;
				"CODE_SIGN_IDENTITY[sdk=iphoneos*]" = "iPhone Developer";
				COPY_PHASE_STRIP = NO;
				DEBUG_INFORMATION_FORMAT = "dwarf-with-dsym";
				ENABLE_NS_ASSERTIONS = NO;
				ENABLE_STRICT_OBJC_MSGSEND = YES;
				GCC_C_LANGUAGE_STANDARD = gnu99;
				GCC_NO_COMMON_BLOCKS = YES;
				GCC_WARN_64_TO_32_BIT_CONVERSION = YES;
				GCC_WARN_ABOUT_RETURN_TYPE = YES_ERROR;
				GCC_WARN_UNDECLARED_SELECTOR = YES;
				GCC_WARN_UNINITIALIZED_AUTOS = YES_AGGRESSIVE;
				GCC_WARN_UNUSED_FUNCTION = YES;
				GCC_WARN_UNUSED_VARIABLE = YES;
				IPHONEOS_DEPLOYMENT_TARGET = 10.3;
				MTL_ENABLE_DEBUG_INFO = NO;
				SDKROOT = iphoneos;
				SWIFT_OPTIMIZATION_LEVEL = "-Owholemodule";
				TARGETED_DEVICE_FAMILY = "1,2";
				VALIDATE_PRODUCT = YES;
			};
			name = Release;
		};
		11F6C1381EA775CA001376BC /* Debug */ = {
			isa = XCBuildConfiguration;
			buildSettings = {
				ASSETCATALOG_COMPILER_APPICON_NAME = AppIcon;
				"CODE_SIGN_IDENTITY[sdk=iphoneos*]" = "iPhone Developer";
				DEVELOPMENT_TEAM = YSXC7M67VD;
				INFOPLIST_FILE = Kertel/Info.plist;
				LD_RUNPATH_SEARCH_PATHS = "$(inherited) @executable_path/Frameworks";
				PRODUCT_BUNDLE_IDENTIFIER = KERTEL.Kertel;
				PRODUCT_NAME = "$(TARGET_NAME)";
				PROVISIONING_PROFILE_SPECIFIER = "";
				SWIFT_VERSION = 3.0;
			};
			name = Debug;
		};
		11F6C1391EA775CA001376BC /* Release */ = {
			isa = XCBuildConfiguration;
			buildSettings = {
				ASSETCATALOG_COMPILER_APPICON_NAME = AppIcon;
				"CODE_SIGN_IDENTITY[sdk=iphoneos*]" = "iPhone Developer";
				DEVELOPMENT_TEAM = YSXC7M67VD;
				INFOPLIST_FILE = Kertel/Info.plist;
				LD_RUNPATH_SEARCH_PATHS = "$(inherited) @executable_path/Frameworks";
				PRODUCT_BUNDLE_IDENTIFIER = KERTEL.Kertel;
				PRODUCT_NAME = "$(TARGET_NAME)";
				PROVISIONING_PROFILE_SPECIFIER = "";
				SWIFT_VERSION = 3.0;
			};
			name = Release;
		};
/* End XCBuildConfiguration section */

/* Begin XCConfigurationList section */
		11F6C1201EA775C9001376BC /* Build configuration list for PBXProject "Kertel" */ = {
			isa = XCConfigurationList;
			buildConfigurations = (
				11F6C1351EA775CA001376BC /* Debug */,
				11F6C1361EA775CA001376BC /* Release */,
			);
			defaultConfigurationIsVisible = 0;
			defaultConfigurationName = Release;
		};
		11F6C1371EA775CA001376BC /* Build configuration list for PBXNativeTarget "Kertel" */ = {
			isa = XCConfigurationList;
			buildConfigurations = (
				11F6C1381EA775CA001376BC /* Debug */,
				11F6C1391EA775CA001376BC /* Release */,
			);
			defaultConfigurationIsVisible = 0;
			defaultConfigurationName = Release;
		};
/* End XCConfigurationList section */

/* Begin XCVersionGroup section */
		1192ADA91ED43AC00008C554 /* bdd.xcdatamodeld */ = {
			isa = XCVersionGroup;
			children = (
				1192ADAA1ED43AC00008C554 /* bdd.xcdatamodel */,
			);
			currentVersion = 1192ADAA1ED43AC00008C554 /* bdd.xcdatamodel */;
			path = bdd.xcdatamodeld;
			sourceTree = "<group>";
			versionGroupType = wrapper.xcdatamodel;
		};
/* End XCVersionGroup section */
	};
	rootObject = 11F6C11D1EA775C9001376BC /* Project object */;
}
